{
  "name": "codecrafters-redis-javascript",
  "lockfileVersion": 3,
  "requires": true,
  "packages": {
    "": {
      "dependencies": {
        "resp": "^0.1.1"
      }
    },
    "node_modules/resp": {
      "version": "0.1.1",
      "resolved": "https://registry.npmjs.org/resp/-/resp-0.1.1.tgz",
      "integrity": "sha512-ZICFt8wVnla/jjz5Ava77hwkU5zs62ZFxy1/PEqfcPugT4hzfsBl6a+kffQYJyo54PvfeIdJQQJX1qdyUVtq3A=="
    }
  }
}
